{
  "name": "regctl-site",
  "version": "1.0.0",
  "lockfileVersion": 3,
  "requires": true,
  "packages": {
    "": {
      "name": "regctl-site",
      "version": "1.0.0",
      "license": "MIT",
      "devDependencies": {
        "eslint": "^8.57.0",
        "html-validate": "^8.18.1",
        "http-server": "^14.1.1",
        "lighthouse": "^11.5.0",
        "linkinator": "^6.0.4",
        "prettier": "^3.2.5",
        "stylelint": "^16.2.1",
        "stylelint-config-standard": "^36.0.0"
      }
    }
  }
}